<?xml version="1.0" encoding="UTF-8"?>
<!DOCTYPE plist PUBLIC "-//Apple//DTD PLIST 1.0//EN" "http://www.apple.com/DTDs/PropertyList-1.0.dtd">
<plist version="1.0">
<dict>
	<key>archiveVersion</key>
	<string>1</string>
	<key>classes</key>
	<dict/>
	<key>objectVersion</key>
	<string>56</string>
	<key>objects</key>
	<dict>
		<key>100000000000000000001001</key>
		<dict>
			<key>fileRef</key>
			<string>200000000000000000002002</string>
			<key>isa</key>
			<string>PBXBuildFile</string>
		</dict>
		<key>100000000000000000001002</key>
		<dict>
			<key>fileRef</key>
			<string>200000000000000000002008</string>
			<key>isa</key>
			<string>PBXBuildFile</string>
		</dict>
		<key>100000000000000000001003</key>
		<dict>
			<key>fileRef</key>
			<string>200000000000000000002006</string>
			<key>isa</key>
			<string>PBXBuildFile</string>
		</dict>
		<key>100000000000000000001ICON</key>
		<dict>
			<key>fileRef</key>
			<string>200000000000000000002ICON</string>
			<key>isa</key>
			<string>PBXBuildFile</string>
		</dict>
		<key>100000000000000000001006</key>
		<dict>
			<key>fileRef</key>
			<string>200000000000000000002021</string>
			<key>isa</key>
			<string>PBXBuildFile</string>
		</dict>
		<key>100000000000000000001004</key>
		<dict>
			<key>fileRef</key>
			<string>200000000000000000002020</string>
			<key>isa</key>
			<string>PBXBuildFile</string>
		</dict>
		<key>100000000000000000001005</key>
		<dict>
			<key>fileRef</key>
			<string>200000000000000000002011</string>
			<key>isa</key>
			<string>PBXBuildFile</string>
		</dict>
		<key>100000000000000000001010</key>
		<dict>
			<key>fileRef</key>
			<string>200000000000000000002012</string>
			<key>isa</key>
			<string>PBXBuildFile</string>
		</dict>
		<key>100000000000000000001007</key>
		<dict>
			<key>fileRef</key>
			<string>210000000000000000000009</string>
			<key>isa</key>
			<string>PBXBuildFile</string>
		</dict>
		<key>100000000000000000001008</key>
		<dict>
			<key>fileRef</key>
			<string>210000000000000000000010</string>
			<key>isa</key>
			<string>PBXBuildFile</string>
		</dict>
		<key>100000000000000000001009</key>
		<dict>
			<key>fileRef</key>
			<string>210000000000000000000011</string>
			<key>isa</key>
			<string>PBXBuildFile</string>
		</dict>
		<key>100000000000000000001010</key>
		<dict>
			<key>fileRef</key>
			<string>210000000000000000000001</string>
			<key>isa</key>
			<string>PBXBuildFile</string>
		</dict>
		<key>100000000000000000001011</key>
		<dict>
			<key>fileRef</key>
			<string>210000000000000000000002</string>
			<key>isa</key>
			<string>PBXBuildFile</string>
		</dict>
		<key>100000000000000000001012</key>
		<dict>
			<key>fileRef</key>
			<string>210000000000000000000003</string>
			<key>isa</key>
			<string>PBXBuildFile</string>
		</dict>
		<key>100000000000000000001013</key>
		<dict>
			<key>fileRef</key>
			<string>210000000000000000000004</string>
			<key>isa</key>
			<string>PBXBuildFile</string>
		</dict>
		<key>100000000000000000001014</key>
		<dict>
			<key>fileRef</key>
			<string>210000000000000000000005</string>
			<key>isa</key>
			<string>PBXBuildFile</string>
		</dict>
		<key>100000000000000000001015</key>
		<dict>
			<key>fileRef</key>
			<string>200000000000000000002009</string>
			<key>isa</key>
			<string>PBXBuildFile</string>
		</dict>
		<key>100000000000000000001016</key>
		<dict>
			<key>fileRef</key>
			<string>210000000000000000000006</string>
			<key>isa</key>
			<string>PBXBuildFile</string>
		</dict>
		<key>100000000000000000001017</key>
		<dict>
			<key>fileRef</key>
			<string>210000000000000000000007</string>
			<key>isa</key>
			<string>PBXBuildFile</string>
		</dict>
		<key>100000000000000000001018</key>
		<dict>
			<key>fileRef</key>
			<string>210000000000000000000008</string>
			<key>isa</key>
			<string>PBXBuildFile</string>
		</dict>
		<key>100000000000000000001019</key>
		<dict>
			<key>fileRef</key>
			<string>200000000000000000002010</string>
			<key>isa</key>
			<string>PBXBuildFile</string>
		</dict>
		<key>100000000000000000001020</key>
		<dict>
			<key>fileRef</key>
			<string>220000000000000000000003</string>
			<key>isa</key>
			<string>PBXBuildFile</string>
		</dict>
		<key>100000000000000000001021</key>
		<dict>
			<key>fileRef</key>
			<string>220000000000000000000004</string>
			<key>isa</key>
			<string>PBXBuildFile</string>
		</dict>
		<key>100000000000000000001022</key>
		<dict>
			<key>fileRef</key>
			<string>220000000000000000000005</string>
			<key>isa</key>
			<string>PBXBuildFile</string>
		</dict>
		<key>100000000000000000001APP1</key>
		<dict>
			<key>fileRef</key>
			<string>210000000000000000000APP1</string>
			<key>isa</key>
			<string>PBXBuildFile</string>
		</dict>
		<key>100000000000000000001APP2</key>
		<dict>
			<key>fileRef</key>
			<string>210000000000000000000APP2</string>
			<key>isa</key>
			<string>PBXBuildFile</string>
		</dict>
		<key>100000000000000000001CLM1</key>
		<dict>
			<key>fileRef</key>
			<string>220000000000000000000001</string>
			<key>isa</key>
			<string>PBXBuildFile</string>
		</dict>
		<key>100000000000000000001030</key>
		<dict>
			<key>fileRef</key>
			<string>210000000000000000000030</string>
			<key>isa</key>
			<string>PBXBuildFile</string>
		</dict>
		<key>100000000000000000001031</key>
		<dict>
			<key>fileRef</key>
			<string>210000000000000000000031</string>
			<key>isa</key>
			<string>PBXBuildFile</string>
		</dict>
		<key>100000000000000000001ALS1</key>
		<dict>
			<key>fileRef</key>
			<string>210000000000000000000ALS1</string>
			<key>isa</key>
			<string>PBXBuildFile</string>
		</dict>
		<key>100000000000000000001UI1</key>
		<dict>
			<key>fileRef</key>
			<string>210000000000000000000UI1</string>
			<key>isa</key>
			<string>PBXBuildFile</string>
		</dict>
		<key>100000000000000000001UI2</key>
		<dict>
			<key>fileRef</key>
			<string>210000000000000000000UI2</string>
			<key>isa</key>
			<string>PBXBuildFile</string>
		</dict>
		<key>100000000000000000001UI3</key>
		<dict>
			<key>fileRef</key>
			<string>210000000000000000000UI3</string>
			<key>isa</key>
			<string>PBXBuildFile</string>
		</dict>
		<key>200000000000000000002001</key>
		<dict>
			<key>explicitFileType</key>
			<string>wrapper.application</string>
			<key>includeInIndex</key>
			<string>0</string>
			<key>isa</key>
			<string>PBXFileReference</string>
			<key>path</key>
			<string>Lumen.app</string>
			<key>sourceTree</key>
			<string>BUILT_PRODUCTS_DIR</string>
		</dict>
		<key>200000000000000000002002</key>
		<dict>
			<key>isa</key>
			<string>PBXFileReference</string>
			<key>lastKnownFileType</key>
			<string>sourcecode.swift</string>
			<key>path</key>
			<string>main.swift</string>
			<key>sourceTree</key>
			<string>&lt;group&gt;</string>
		</dict>
		<key>200000000000000000002003</key>
		<dict>
			<key>isa</key>
			<string>PBXFileReference</string>
			<key>lastKnownFileType</key>
			<string>sourcecode.c.h</string>
			<key>path</key>
			<string>Lumen-Bridging-Header.h</string>
			<key>sourceTree</key>
			<string>&lt;group&gt;</string>
		</dict>
		<key>200000000000000000002004</key>
		<dict>
			<key>isa</key>
			<string>PBXFileReference</string>
			<key>lastKnownFileType</key>
			<string>text.plist.xml</string>
			<key>path</key>
			<string>Info.plist</string>
			<key>sourceTree</key>
			<string>&lt;group&gt;</string>
		</dict>
		<key>200000000000000000002005</key>
		<dict>
			<key>isa</key>
			<string>PBXFileReference</string>
			<key>lastKnownFileType</key>
			<string>text.plist.entitlements</string>
			<key>path</key>
			<string>Lumen.entitlements</string>
			<key>sourceTree</key>
			<string>&lt;group&gt;</string>
		</dict>
		<key>200000000000000000002006</key>
		<dict>
			<key>isa</key>
			<string>PBXFileReference</string>
			<key>lastKnownFileType</key>
			<string>folder.assetcatalog</string>
			<key>path</key>
			<string>Assets.xcassets</string>
			<key>sourceTree</key>
			<string>&lt;group&gt;</string>
		</dict>
		<key>200000000000000000002ICON</key>
		<dict>
			<key>isa</key>
			<string>PBXFileReference</string>
			<key>lastKnownFileType</key>
			<string>image.png</string>
			<key>path</key>
			<string>Icons/lumen_icon.png</string>
			<key>sourceTree</key>
			<string>&lt;group&gt;</string>
		</dict>
		<key>200000000000000000002021</key>
		<dict>
			<key>isa</key>
			<string>PBXFileReference</string>
			<key>lastKnownFileType</key>
			<string>image.png</string>
			<key>path</key>
			<string>Icons/auto_light_mode_logo.png</string>
			<key>sourceTree</key>
			<string>&lt;group&gt;</string>
		</dict>
		<key>200000000000000000002007</key>
		<dict>
			<key>explicitFileType</key>
			<string>wrapper.cfbundle</string>
			<key>includeInIndex</key>
			<string>0</string>
			<key>isa</key>
			<string>PBXFileReference</string>
			<key>path</key>
			<string>LumenTests.xctest</string>
			<key>sourceTree</key>
			<string>BUILT_PRODUCTS_DIR</string>
		</dict>
		<key>200000000000000000002008</key>
		<dict>
			<key>isa</key>
			<string>PBXFileReference</string>
			<key>lastKnownFileType</key>
			<string>sourcecode.swift</string>
			<key>path</key>
			<string>LumenTests.swift</string>
			<key>sourceTree</key>
			<string>&lt;group&gt;</string>
		</dict>
		<key>200000000000000000002009</key>
		<dict>
			<key>isa</key>
			<string>PBXFileReference</string>
			<key>lastKnownFileType</key>
			<string>sourcecode.swift</string>
			<key>path</key>
			<string>SettingsStore.swift</string>
			<key>sourceTree</key>
			<string>&lt;group&gt;</string>
		</dict>
		<key>200000000000000000002010</key>
		<dict>
			<key>isa</key>
			<string>PBXFileReference</string>
			<key>lastKnownFileType</key>
			<string>sourcecode.swift</string>
			<key>path</key>
			<string>SettingsStoreTests.swift</string>
			<key>sourceTree</key>
			<string>&lt;group&gt;</string>
		</dict>
		<key>200000000000000000002011</key>
		<dict>
			<key>isa</key>
			<string>PBXFileReference</string>
			<key>lastKnownFileType</key>
			<string>sourcecode.swift</string>
			<key>path</key>
			<string>IOKitBridging.swift</string>
			<key>sourceTree</key>
			<string>&lt;group&gt;</string>
		</dict>
		<key>200000000000000000002012</key>
		<dict>
			<key>isa</key>
			<string>PBXFileReference</string>
			<key>lastKnownFileType</key>
			<string>sourcecode.swift</string>
			<key>path</key>
			<string>PrivateAPILoaderTests.swift</string>
			<key>sourceTree</key>
			<string>&lt;group&gt;</string>
		</dict>
		<key>200000000000000000002020</key>
		<dict>
			<key>isa</key>
			<string>PBXFileReference</string>
			<key>lastKnownFileType</key>
			<string>sourcecode.swift</string>
			<key>path</key>
			<string>PrivateAPILoader.swift</string>
			<key>sourceTree</key>
			<string>&lt;group&gt;</string>
		</dict>
		<key>210000000000000000000001</key>
		<dict>
			<key>isa</key>
			<string>PBXFileReference</string>
			<key>lastKnownFileType</key>
			<string>sourcecode.swift</string>
			<key>path</key>
			<string>ALSReading.swift</string>
			<key>sourceTree</key>
			<string>&lt;group&gt;</string>
		</dict>
		<key>210000000000000000000002</key>
		<dict>
			<key>isa</key>
			<string>PBXFileReference</string>
			<key>lastKnownFileType</key>
			<string>sourcecode.swift</string>
			<key>path</key>
			<string>AppearanceState.swift</string>
			<key>sourceTree</key>
			<string>&lt;group&gt;</string>
		</dict>
		<key>210000000000000000000003</key>
		<dict>
			<key>isa</key>
			<string>PBXFileReference</string>
			<key>lastKnownFileType</key>
			<string>sourcecode.swift</string>
			<key>path</key>
			<string>ThresholdConfig.swift</string>
			<key>sourceTree</key>
			<string>&lt;group&gt;</string>
		</dict>
		<key>210000000000000000000004</key>
		<dict>
			<key>isa</key>
			<string>PBXFileReference</string>
			<key>lastKnownFileType</key>
			<string>sourcecode.swift</string>
			<key>path</key>
			<string>ClamshellState.swift</string>
			<key>sourceTree</key>
			<string>&lt;group&gt;</string>
		</dict>
		<key>210000000000000000000005</key>
		<dict>
			<key>isa</key>
			<string>PBXFileReference</string>
			<key>lastKnownFileType</key>
			<string>sourcecode.swift</string>
			<key>path</key>
			<string>Protocols.swift</string>
			<key>sourceTree</key>
			<string>&lt;group&gt;</string>
		</dict>
		<key>210000000000000000000006</key>
		<dict>
			<key>isa</key>
			<string>PBXFileReference</string>
			<key>lastKnownFileType</key>
			<string>sourcecode.swift</string>
			<key>path</key>
			<string>ALSReadingTests.swift</string>
			<key>sourceTree</key>
			<string>&lt;group&gt;</string>
		</dict>
		<key>210000000000000000000007</key>
		<dict>
			<key>isa</key>
			<string>PBXFileReference</string>
			<key>lastKnownFileType</key>
			<string>sourcecode.swift</string>
			<key>path</key>
			<string>AppearanceModeTests.swift</string>
			<key>sourceTree</key>
			<string>&lt;group&gt;</string>
		</dict>
		<key>210000000000000000000008</key>
		<dict>
			<key>isa</key>
			<string>PBXFileReference</string>
			<key>lastKnownFileType</key>
			<string>sourcecode.swift</string>
			<key>path</key>
			<string>ThresholdConfigTests.swift</string>
			<key>sourceTree</key>
			<string>&lt;group&gt;</string>
		</dict>
		<key>210000000000000000000009</key>
		<dict>
			<key>isa</key>
			<string>PBXFileReference</string>
			<key>lastKnownFileType</key>
			<string>sourcecode.swift</string>
			<key>path</key>
			<string>ThresholdEngine.swift</string>
			<key>sourceTree</key>
			<string>&lt;group&gt;</string>
		</dict>
		<key>210000000000000000000010</key>
		<dict>
			<key>isa</key>
			<string>PBXFileReference</string>
			<key>lastKnownFileType</key>
			<string>sourcecode.swift</string>
			<key>path</key>
			<string>DebounceTimer.swift</string>
			<key>sourceTree</key>
			<string>&lt;group&gt;</string>
		</dict>
		<key>210000000000000000000011</key>
		<dict>
			<key>isa</key>
			<string>PBXFileReference</string>
			<key>lastKnownFileType</key>
			<string>sourcecode.swift</string>
			<key>path</key>
			<string>ThresholdEngineTests.swift</string>
			<key>sourceTree</key>
			<string>&lt;group&gt;</string>
		</dict>
		<key>210000000000000000000030</key>
		<dict>
			<key>isa</key>
			<string>PBXFileReference</string>
			<key>lastKnownFileType</key>
			<string>sourcecode.swift</string>
			<key>path</key>
			<string>ALSReader.swift</string>
			<key>sourceTree</key>
			<string>&lt;group&gt;</string>
		</dict>
		<key>210000000000000000000031</key>
		<dict>
			<key>isa</key>
			<string>PBXFileReference</string>
			<key>lastKnownFileType</key>
			<string>sourcecode.swift</string>
			<key>path</key>
			<string>ALSReaderTests.swift</string>
			<key>sourceTree</key>
			<string>&lt;group&gt;</string>
		</dict>
		<key>210000000000000000000ALS1</key>
		<dict>
			<key>isa</key>
			<string>PBXFileReference</string>
			<key>lastKnownFileType</key>
			<string>sourcecode.swift</string>
			<key>path</key>
			<string>ALSReader.swift</string>
			<key>sourceTree</key>
			<string>&lt;group&gt;</string>
		</dict>
		<key>220000000000000000000003</key>
		<dict>
			<key>isa</key>
			<string>PBXFileReference</string>
			<key>lastKnownFileType</key>
			<string>sourcecode.swift</string>
			<key>path</key>
			<string>AppDelegate.swift</string>
			<key>sourceTree</key>
			<string>&lt;group&gt;</string>
		</dict>
		<key>220000000000000000000004</key>
		<dict>
			<key>isa</key>
			<string>PBXFileReference</string>
			<key>lastKnownFileType</key>
			<string>sourcecode.swift</string>
			<key>path</key>
			<string>MainAppController.swift</string>
			<key>sourceTree</key>
			<string>&lt;group&gt;</string>
		</dict>
		<key>220000000000000000000005</key>
		<dict>
			<key>isa</key>
			<string>PBXFileReference</string>
			<key>lastKnownFileType</key>
			<string>sourcecode.swift</string>
			<key>path</key>
			<string>MainAppControllerTests.swift</string>
			<key>sourceTree</key>
			<string>&lt;group&gt;</string>
		</dict>
		<key>210000000000000000000UI1</key>
		<dict>
			<key>isa</key>
			<string>PBXFileReference</string>
			<key>lastKnownFileType</key>
			<string>sourcecode.swift</string>
			<key>path</key>
			<string>StatusBarIcon.swift</string>
			<key>sourceTree</key>
			<string>&lt;group&gt;</string>
		</dict>
		<key>210000000000000000000UI2</key>
		<dict>
			<key>isa</key>
			<string>PBXFileReference</string>
			<key>lastKnownFileType</key>
			<string>sourcecode.swift</string>
			<key>path</key>
			<string>MenuBarController.swift</string>
			<key>sourceTree</key>
			<string>&lt;group&gt;</string>
		</dict>
		<key>210000000000000000000UI3</key>
		<dict>
			<key>isa</key>
			<string>PBXFileReference</string>
			<key>lastKnownFileType</key>
			<string>sourcecode.swift</string>
			<key>path</key>
			<string>SettingsViewController.swift</string>
			<key>sourceTree</key>
			<string>&lt;group&gt;</string>
		</dict>
		<key>210000000000000000000APP1</key>
		<dict>
			<key>isa</key>
			<string>PBXFileReference</string>
			<key>lastKnownFileType</key>
			<string>sourcecode.swift</string>
			<key>path</key>
			<string>AppearanceSwitcher.swift</string>
			<key>sourceTree</key>
			<string>&lt;group&gt;</string>
		</dict>
		<key>210000000000000000000APP2</key>
		<dict>
			<key>isa</key>
			<string>PBXFileReference</string>
			<key>lastKnownFileType</key>
			<string>sourcecode.swift</string>
			<key>path</key>
			<string>AppleScriptRunner.swift</string>
			<key>sourceTree</key>
			<string>&lt;group&gt;</string>
		</dict>
		<key>220000000000000000000001</key>
		<dict>
			<key>isa</key>
			<string>PBXFileReference</string>
			<key>lastKnownFileType</key>
			<string>sourcecode.swift</string>
			<key>path</key>
			<string>ClamshellDetector.swift</string>
			<key>sourceTree</key>
			<string>&lt;group&gt;</string>
		</dict>
		<key>300000000000000000003001</key>
		<dict>
			<key>buildActionMask</key>
			<string>2147483647</string>
			<key>files</key>
			<array/>
			<key>isa</key>
			<string>PBXFrameworksBuildPhase</string>
			<key>runOnlyForDeploymentPostprocessing</key>
			<string>0</string>
		</dict>
		<key>300000000000000000003002</key>
		<dict>
			<key>buildActionMask</key>
			<string>2147483647</string>
			<key>files</key>
			<array/>
			<key>isa</key>
			<string>PBXFrameworksBuildPhase</string>
			<key>runOnlyForDeploymentPostprocessing</key>
			<string>0</string>
		</dict>
		<key>400000000000000000000001</key>
		<dict>
			<key>children</key>
			<array>
				<string>400000000000000000000002</string>
				<string>400000000000000000000004</string>
				<string>400000000000000000000005</string>
			</array>
			<key>isa</key>
			<string>PBXGroup</string>
			<key>sourceTree</key>
			<string>&lt;group&gt;</string>
		</dict>
		<key>400000000000000000000002</key>
		<dict>
			<key>children</key>
			<array>
				<string>400000000000000000000003</string>
				<string>400000000000000000000006</string>
				<string>200000000000000000002005</string>
				<string>200000000000000000002004</string>
			</array>
			<key>isa</key>
			<string>PBXGroup</string>
			<key>path</key>
			<string>Lumen</string>
			<key>sourceTree</key>
			<string>&lt;group&gt;</string>
		</dict>
		<key>400000000000000000000003</key>
		<dict>
			<key>children</key>
			<array>
				<string>400000000000000000000010</string>
				<string>400000000000000000000011</string>
				<string>400000000000000000000012</string>
				<string>400000000000000000000013</string>
				<string>400000000000000000000014</string>
				<string>400000000000000000000015</string>
				<string>400000000000000000000016</string>
				<string>210000000000000000000005</string>
			</array>
			<key>isa</key>
			<string>PBXGroup</string>
			<key>path</key>
			<string>Sources</string>
			<key>sourceTree</key>
			<string>&lt;group&gt;</string>
		</dict>
		<key>400000000000000000000004</key>
		<dict>
			<key>children</key>
			<array>
				<string>400000000000000000000017</string>
				<string>400000000000000000000018</string>
				<string>400000000000000000000019</string>
				<string>400000000000000000000020</string>
				<string>400000000000000000000021</string>
				<string>410000000000000000000001</string>
				<string>200000000000000000002008</string>
				<string>b00000000000000000000007</string>
			</array>
			<key>isa</key>
			<string>PBXGroup</string>
			<key>path</key>
			<string>LumenTests</string>
			<key>sourceTree</key>
			<string>&lt;group&gt;</string>
		</dict>
		<key>400000000000000000000005</key>
		<dict>
			<key>children</key>
			<array>
				<string>200000000000000000002001</string>
				<string>200000000000000000002007</string>
			</array>
			<key>isa</key>
			<string>PBXGroup</string>
			<key>name</key>
			<string>Products</string>
			<key>sourceTree</key>
			<string>&lt;group&gt;</string>
		</dict>
		<key>400000000000000000000006</key>
		<dict>
			<key>children</key>
			<array>
				<string>200000000000000000002006</string>
				<string>200000000000000000002ICON</string>
				<string>200000000000000000002021</string>
			</array>
			<key>isa</key>
			<string>PBXGroup</string>
			<key>path</key>
			<string>Resources</string>
			<key>sourceTree</key>
			<string>&lt;group&gt;</string>
		</dict>
		<key>400000000000000000000010</key>
		<dict>
			<key>children</key>
			<array>
				<string>210000000000000000000001</string>
				<string>210000000000000000000ALS1</string>
				<string>210000000000000000000030</string>
			</array>
			<key>isa</key>
			<string>PBXGroup</string>
			<key>path</key>
			<string>ALS</string>
			<key>sourceTree</key>
			<string>&lt;group&gt;</string>
		</dict>
		<key>400000000000000000000011</key>
		<dict>
			<key>children</key>
			<array>
				<string>200000000000000000002002</string>
				<string>220000000000000000000003</string>
				<string>220000000000000000000004</string>
				<string>b00000000000000000000003</string>
			</array>
			<key>isa</key>
			<string>PBXGroup</string>
			<key>path</key>
			<string>App</string>
			<key>sourceTree</key>
			<string>&lt;group&gt;</string>
		</dict>
		<key>400000000000000000000012</key>
		<dict>
			<key>children</key>
			<array>
				<string>210000000000000000000002</string>
				<string>210000000000000000000APP1</string>
				<string>210000000000000000000APP2</string>
			</array>
			<key>isa</key>
			<string>PBXGroup</string>
			<key>path</key>
			<string>Appearance</string>
			<key>sourceTree</key>
			<string>&lt;group&gt;</string>
		</dict>
		<key>400000000000000000000013</key>
		<dict>
			<key>children</key>
			<array>
				<string>200000000000000000002003</string>
				<string>200000000000000000002020</string>
				<string>200000000000000000002011</string>
			</array>
			<key>isa</key>
			<string>PBXGroup</string>
			<key>path</key>
			<string>Bridging</string>
			<key>sourceTree</key>
			<string>&lt;group&gt;</string>
		</dict>
		<key>400000000000000000000014</key>
		<dict>
			<key>children</key>
			<array>
				<string>210000000000000000000004</string>
				<string>220000000000000000000001</string>
			</array>
			<key>isa</key>
			<string>PBXGroup</string>
			<key>path</key>
			<string>Clamshell</string>
			<key>sourceTree</key>
			<string>&lt;group&gt;</string>
		</dict>
		<key>400000000000000000000015</key>
		<dict>
			<key>children</key>
			<array>
				<string>210000000000000000000003</string>
				<string>200000000000000000002009</string>
				<string>210000000000000000000009</string>
				<string>210000000000000000000010</string>
			</array>
			<key>isa</key>
			<string>PBXGroup</string>
			<key>path</key>
			<string>Engine</string>
			<key>sourceTree</key>
			<string>&lt;group&gt;</string>
		</dict>
		<key>400000000000000000000016</key>
		<dict>
			<key>children</key>
			<array>
				<string>210000000000000000000UI1</string>
				<string>210000000000000000000UI2</string>
				<string>210000000000000000000UI3</string>
			</array>
			<key>isa</key>
			<string>PBXGroup</string>
			<key>path</key>
			<string>UI</string>
			<key>sourceTree</key>
			<string>&lt;group&gt;</string>
		</dict>
		<key>400000000000000000000017</key>
		<dict>
			<key>children</key>
			<array>
				<string>210000000000000000000031</string>
			</array>
			<key>isa</key>
			<string>PBXGroup</string>
			<key>path</key>
			<string>ALSTests</string>
			<key>sourceTree</key>
			<string>&lt;group&gt;</string>
		</dict>
		<key>400000000000000000000018</key>
		<dict>
			<key>children</key>
			<array/>
			<key>isa</key>
			<string>PBXGroup</string>
			<key>path</key>
			<string>AppearanceTests</string>
			<key>sourceTree</key>
			<string>&lt;group&gt;</string>
		</dict>
		<key>400000000000000000000019</key>
		<dict>
			<key>children</key>
			<array>
				<string>200000000000000000002012</string>
			</array>
			<key>isa</key>
			<string>PBXGroup</string>
			<key>path</key>
			<string>Bridging</string>
			<key>sourceTree</key>
			<string>&lt;group&gt;</string>
		</dict>
		<key>400000000000000000000020</key>
		<dict>
			<key>children</key>
			<array>
				<string>220000000000000000000002</string>
			</array>
			<key>isa</key>
			<string>PBXGroup</string>
			<key>path</key>
			<string>Clamshell</string>
			<key>sourceTree</key>
			<string>&lt;group&gt;</string>
		</dict>
		<key>400000000000000000000021</key>
		<dict>
			<key>children</key>
			<array>
				<string>200000000000000000002010</string>
				<string>210000000000000000000011</string>
			</array>
			<key>isa</key>
			<string>PBXGroup</string>
			<key>path</key>
			<string>EngineTests</string>
			<key>sourceTree</key>
			<string>&lt;group&gt;</string>
		</dict>
		<key>410000000000000000000001</key>
		<dict>
			<key>children</key>
			<array>
				<string>210000000000000000000006</string>
				<string>210000000000000000000007</string>
				<string>210000000000000000000008</string>
			</array>
			<key>isa</key>
			<string>PBXGroup</string>
			<key>path</key>
			<string>TypeTests</string>
			<key>sourceTree</key>
			<string>&lt;group&gt;</string>
		</dict>
		<key>500000000000000000000001</key>
		<dict>
			<key>buildConfigurationList</key>
			<string>A00000000000000000000001</string>
			<key>buildPhases</key>
			<array>
				<string>800000000000000000000001</string>
				<string>300000000000000000003001</string>
				<string>700000000000000000000001</string>
			</array>
			<key>buildRules</key>
			<array/>
			<key>dependencies</key>
			<array/>
			<key>isa</key>
			<string>PBXNativeTarget</string>
			<key>name</key>
			<string>Lumen</string>
			<key>productName</key>
			<string>Lumen</string>
			<key>productReference</key>
			<string>200000000000000000002001</string>
			<key>productType</key>
			<string>com.apple.product-type.application</string>
		</dict>
		<key>500000000000000000000002</key>
		<dict>
			<key>buildConfigurationList</key>
			<string>A00000000000000000000002</string>
			<key>buildPhases</key>
			<array>
				<string>800000000000000000000002</string>
				<string>300000000000000000003002</string>
				<string>700000000000000000000002</string>
			</array>
			<key>buildRules</key>
			<array/>
			<key>dependencies</key>
			<array>
				<string>B00000000000000000000002</string>
			</array>
			<key>isa</key>
			<string>PBXNativeTarget</string>
			<key>name</key>
			<string>LumenTests</string>
			<key>productName</key>
			<string>LumenTests</string>
			<key>productReference</key>
			<string>200000000000000000002007</string>
			<key>productType</key>
			<string>com.apple.product-type.bundle.unit-test</string>
		</dict>
		<key>600000000000000000000001</key>
		<dict>
			<key>attributes</key>
			<dict>
				<key>BuildIndependentTargetsInParallel</key>
				<string>1</string>
				<key>LastSwiftUpdateCheck</key>
				<string>1530</string>
				<key>LastUpgradeCheck</key>
				<string>1530</string>
				<key>TargetAttributes</key>
				<dict>
					<key>500000000000000000000001</key>
					<dict>
						<key>CreatedOnToolsVersion</key>
						<string>15.3</string>
					</dict>
					<key>500000000000000000000002</key>
					<dict>
						<key>CreatedOnToolsVersion</key>
						<string>15.3</string>
						<key>TestTargetID</key>
						<string>500000000000000000000001</string>
					</dict>
				</dict>
			</dict>
			<key>buildConfigurationList</key>
			<string>A00000000000000000000003</string>
			<key>compatibilityVersion</key>
			<string>Xcode 14.0</string>
			<key>developmentRegion</key>
			<string>en</string>
			<key>hasScannedForEncodings</key>
			<string>0</string>
			<key>isa</key>
			<string>PBXProject</string>
			<key>knownRegions</key>
			<array>
				<string>en</string>
				<string>Base</string>
			</array>
			<key>mainGroup</key>
			<string>400000000000000000000001</string>
			<key>productRefGroup</key>
			<string>400000000000000000000005</string>
			<key>projectDirPath</key>
			<string></string>
			<key>projectRoot</key>
			<string></string>
			<key>targets</key>
			<array>
				<string>500000000000000000000001</string>
				<string>500000000000000000000002</string>
			</array>
		</dict>
		<key>700000000000000000000001</key>
		<dict>
			<key>buildActionMask</key>
			<string>2147483647</string>
			<key>files</key>
			<array>
				<string>100000000000000000001003</string>
				<string>100000000000000000001ICON</string>
				<string>100000000000000000001006</string>
			</array>
			<key>isa</key>
			<string>PBXResourcesBuildPhase</string>
			<key>runOnlyForDeploymentPostprocessing</key>
			<string>0</string>
		</dict>
		<key>700000000000000000000002</key>
		<dict>
			<key>buildActionMask</key>
			<string>2147483647</string>
			<key>files</key>
			<array/>
			<key>isa</key>
			<string>PBXResourcesBuildPhase</string>
			<key>runOnlyForDeploymentPostprocessing</key>
			<string>0</string>
		</dict>
		<key>800000000000000000000001</key>
		<dict>
			<key>buildActionMask</key>
			<string>2147483647</string>
			<key>files</key>
			<array>
				<string>100000000000000000001001</string>
				<string>100000000000000000001004</string>
				<string>100000000000000000001005</string>
				<string>100000000000000000001007</string>
				<string>100000000000000000001010</string>
				<string>100000000000000000001011</string>
				<string>100000000000000000001012</string>
				<string>100000000000000000001013</string>
				<string>100000000000000000001014</string>
				<string>100000000000000000001015</string>
				<string>100000000000000000001008</string>
				<string>100000000000000000001030</string>
				<string>100000000000000000001UI1</string>
				<string>100000000000000000001UI2</string>
				<string>100000000000000000001UI3</string>
				<string>100000000000000000001APP1</string>
				<string>100000000000000000001APP2</string>
				<string>100000000000000000001CLM1</string>
				<string>100000000000000000001020</string>
				<string>100000000000000000001021</string>
				<string>b00000000000000000000005</string>
			</array>
			<key>isa</key>
			<string>PBXSourcesBuildPhase</string>
			<key>runOnlyForDeploymentPostprocessing</key>
			<string>0</string>
		</dict>
		<key>800000000000000000000002</key>
		<dict>
			<key>buildActionMask</key>
			<string>2147483647</string>
			<key>files</key>
			<array>
				<string>100000000000000000001002</string>
				<string>100000000000000000001006</string>
				<string>100000000000000000001009</string>
				<string>100000000000000000001016</string>
				<string>100000000000000000001017</string>
				<string>100000000000000000001018</string>
				<string>100000000000000000001019</string>
				<string>100000000000000000001031</string>
				<string>100000000000000000001022</string>
				<string>b00000000000000000000006</string>
			</array>
			<key>isa</key>
			<string>PBXSourcesBuildPhase</string>
			<key>runOnlyForDeploymentPostprocessing</key>
			<string>0</string>
		</dict>
		<key>900000000000000000000001</key>
		<dict>
			<key>buildSettings</key>
			<dict>
				<key>ASSETCATALOG_COMPILER_APPICON_NAME</key>
				<string>AppIcon</string>
				<key>CODE_SIGN_ENTITLEMENTS</key>
				<string>Lumen/Lumen.entitlements</string>
				<key>CODE_SIGN_IDENTITY</key>
				<string>-</string>
				<key>CODE_SIGN_STYLE</key>
				<string>Manual</string>
				<key>COMBINE_HIDPI_IMAGES</key>
				<string>YES</string>
				<key>CURRENT_PROJECT_VERSION</key>
				<string>1</string>
				<key>ENABLE_HARDENED_RUNTIME</key>
				<string>YES</string>
				<key>INFOPLIST_FILE</key>
				<string>Lumen/Info.plist</string>
				<key>LD_RUNPATH_SEARCH_PATHS</key>
				<array>
					<string>$(inherited)</string>
					<string>@executable_path/../Frameworks</string>
				</array>
				<key>MACOSX_DEPLOYMENT_TARGET</key>
				<string>14.0</string>
				<key>MARKETING_VERSION</key>
				<string>1.0</string>
				<key>PRODUCT_BUNDLE_IDENTIFIER</key>
				<string>com.lumen.app</string>
				<key>PRODUCT_NAME</key>
				<string>$(TARGET_NAME)</string>
				<key>SWIFT_OBJC_BRIDGING_HEADER</key>
				<string>Lumen/Sources/Bridging/Lumen-Bridging-Header.h</string>
				<key>SWIFT_VERSION</key>
				<string>5.0</string>
			</dict>
			<key>isa</key>
			<string>XCBuildConfiguration</string>
			<key>name</key>
			<string>Debug</string>
		</dict>
		<key>900000000000000000000002</key>
		<dict>
			<key>buildSettings</key>
			<dict>
				<key>ASSETCATALOG_COMPILER_APPICON_NAME</key>
				<string>AppIcon</string>
				<key>CODE_SIGN_ENTITLEMENTS</key>
				<string>Lumen/Lumen.entitlements</string>
				<key>CODE_SIGN_IDENTITY</key>
				<string>-</string>
				<key>CODE_SIGN_STYLE</key>
				<string>Manual</string>
				<key>COMBINE_HIDPI_IMAGES</key>
				<string>YES</string>
				<key>CURRENT_PROJECT_VERSION</key>
				<string>1</string>
				<key>ENABLE_HARDENED_RUNTIME</key>
				<string>YES</string>
				<key>INFOPLIST_FILE</key>
				<string>Lumen/Info.plist</string>
				<key>LD_RUNPATH_SEARCH_PATHS</key>
				<array>
					<string>$(inherited)</string>
					<string>@executable_path/../Frameworks</string>
				</array>
				<key>MACOSX_DEPLOYMENT_TARGET</key>
				<string>14.0</string>
				<key>MARKETING_VERSION</key>
				<string>1.0</string>
				<key>PRODUCT_BUNDLE_IDENTIFIER</key>
				<string>com.lumen.app</string>
				<key>PRODUCT_NAME</key>
				<string>$(TARGET_NAME)</string>
				<key>SWIFT_OBJC_BRIDGING_HEADER</key>
				<string>Lumen/Sources/Bridging/Lumen-Bridging-Header.h</string>
				<key>SWIFT_VERSION</key>
				<string>5.0</string>
			</dict>
			<key>isa</key>
			<string>XCBuildConfiguration</string>
			<key>name</key>
			<string>Release</string>
		</dict>
		<key>900000000000000000000003</key>
		<dict>
			<key>buildSettings</key>
			<dict>
				<key>BUNDLE_LOADER</key>
				<string>$(TEST_HOST)</string>
				<key>CODE_SIGN_IDENTITY</key>
				<string>-</string>
				<key>CODE_SIGN_STYLE</key>
				<string>Manual</string>
				<key>COMBINE_HIDPI_IMAGES</key>
				<string>YES</string>
				<key>CURRENT_PROJECT_VERSION</key>
				<string>1</string>
				<key>GENERATE_INFOPLIST_FILE</key>
				<string>YES</string>
				<key>MACOSX_DEPLOYMENT_TARGET</key>
				<string>14.0</string>
				<key>MARKETING_VERSION</key>
				<string>1.0</string>
				<key>PRODUCT_BUNDLE_IDENTIFIER</key>
				<string>com.lumen.app.tests</string>
				<key>PRODUCT_NAME</key>
				<string>$(TARGET_NAME)</string>
				<key>SWIFT_VERSION</key>
				<string>5.0</string>
				<key>TEST_HOST</key>
				<string>$(BUILT_PRODUCTS_DIR)/Lumen.app/Contents/MacOS/Lumen</string>
			</dict>
			<key>isa</key>
			<string>XCBuildConfiguration</string>
			<key>name</key>
			<string>Debug</string>
		</dict>
		<key>900000000000000000000004</key>
		<dict>
			<key>buildSettings</key>
			<dict>
				<key>BUNDLE_LOADER</key>
				<string>$(TEST_HOST)</string>
				<key>CODE_SIGN_IDENTITY</key>
				<string>-</string>
				<key>CODE_SIGN_STYLE</key>
				<string>Manual</string>
				<key>COMBINE_HIDPI_IMAGES</key>
				<string>YES</string>
				<key>CURRENT_PROJECT_VERSION</key>
				<string>1</string>
				<key>GENERATE_INFOPLIST_FILE</key>
				<string>YES</string>
				<key>MACOSX_DEPLOYMENT_TARGET</key>
				<string>14.0</string>
				<key>MARKETING_VERSION</key>
				<string>1.0</string>
				<key>PRODUCT_BUNDLE_IDENTIFIER</key>
				<string>com.lumen.app.tests</string>
				<key>PRODUCT_NAME</key>
				<string>$(TARGET_NAME)</string>
				<key>SWIFT_VERSION</key>
				<string>5.0</string>
				<key>TEST_HOST</key>
				<string>$(BUILT_PRODUCTS_DIR)/Lumen.app/Contents/MacOS/Lumen</string>
			</dict>
			<key>isa</key>
			<string>XCBuildConfiguration</string>
			<key>name</key>
			<string>Release</string>
		</dict>
		<key>900000000000000000000005</key>
		<dict>
			<key>buildSettings</key>
			<dict>
				<key>ALWAYS_SEARCH_USER_PATHS</key>
				<string>NO</string>
				<key>CLANG_ANALYZER_NONNULL</key>
				<string>YES</string>
				<key>CLANG_CXX_LANGUAGE_STANDARD</key>
				<string>gnu++20</string>
				<key>CLANG_ENABLE_MODULES</key>
				<string>YES</string>
				<key>CLANG_ENABLE_OBJC_ARC</key>
				<string>YES</string>
				<key>COPY_PHASE_STRIP</key>
				<string>NO</string>
				<key>DEBUG_INFORMATION_FORMAT</key>
				<string>dwarf</string>
				<key>ENABLE_STRICT_OBJC_MSGSEND</key>
				<string>YES</string>
				<key>ENABLE_TESTABILITY</key>
				<string>YES</string>
				<key>GCC_DYNAMIC_NO_PIC</key>
				<string>NO</string>
				<key>GCC_OPTIMIZATION_LEVEL</key>
				<string>0</string>
				<key>GCC_PREPROCESSOR_DEFINITIONS</key>
				<array>
					<string>DEBUG=1</string>
					<string>$(inherited)</string>
				</array>
				<key>MACOSX_DEPLOYMENT_TARGET</key>
				<string>14.0</string>
				<key>MTL_ENABLE_DEBUG_INFO</key>
				<string>INCLUDE_SOURCE</string>
				<key>ONLY_ACTIVE_ARCH</key>
				<string>YES</string>
				<key>SDKROOT</key>
				<string>macosx</string>
				<key>SWIFT_ACTIVE_COMPILATION_CONDITIONS</key>
				<string>DEBUG</string>
				<key>SWIFT_OPTIMIZATION_LEVEL</key>
				<string>-Onone</string>
			</dict>
			<key>isa</key>
			<string>XCBuildConfiguration</string>
			<key>name</key>
			<string>Debug</string>
		</dict>
		<key>900000000000000000000006</key>
		<dict>
			<key>buildSettings</key>
			<dict>
				<key>ALWAYS_SEARCH_USER_PATHS</key>
				<string>NO</string>
				<key>CLANG_ANALYZER_NONNULL</key>
				<string>YES</string>
				<key>CLANG_CXX_LANGUAGE_STANDARD</key>
				<string>gnu++20</string>
				<key>CLANG_ENABLE_MODULES</key>
				<string>YES</string>
				<key>CLANG_ENABLE_OBJC_ARC</key>
				<string>YES</string>
				<key>COPY_PHASE_STRIP</key>
				<string>NO</string>
				<key>DEBUG_INFORMATION_FORMAT</key>
				<string>dwarf-with-dsym</string>
				<key>ENABLE_NS_ASSERTIONS</key>
				<string>NO</string>
				<key>ENABLE_STRICT_OBJC_MSGSEND</key>
				<string>YES</string>
				<key>GCC_OPTIMIZATION_LEVEL</key>
				<string>s</string>
				<key>MACOSX_DEPLOYMENT_TARGET</key>
				<string>14.0</string>
				<key>MTL_ENABLE_DEBUG_INFO</key>
				<string>NO</string>
				<key>SDKROOT</key>
				<string>macosx</string>
				<key>SWIFT_COMPILATION_MODE</key>
				<string>wholemodule</string>
				<key>SWIFT_OPTIMIZATION_LEVEL</key>
				<string>-O</string>
			</dict>
			<key>isa</key>
			<string>XCBuildConfiguration</string>
			<key>name</key>
			<string>Release</string>
		</dict>
		<key>A00000000000000000000001</key>
		<dict>
			<key>buildConfigurations</key>
			<array>
				<string>900000000000000000000001</string>
				<string>900000000000000000000002</string>
			</array>
			<key>defaultConfigurationIsVisible</key>
			<string>0</string>
			<key>defaultConfigurationName</key>
			<string>Release</string>
			<key>isa</key>
			<string>XCConfigurationList</string>
		</dict>
		<key>A00000000000000000000002</key>
		<dict>
			<key>buildConfigurations</key>
			<array>
				<string>900000000000000000000003</string>
				<string>900000000000000000000004</string>
			</array>
			<key>defaultConfigurationIsVisible</key>
			<string>0</string>
			<key>defaultConfigurationName</key>
			<string>Release</string>
			<key>isa</key>
			<string>XCConfigurationList</string>
		</dict>
		<key>A00000000000000000000003</key>
		<dict>
			<key>buildConfigurations</key>
			<array>
				<string>900000000000000000000005</string>
				<string>900000000000000000000006</string>
			</array>
			<key>defaultConfigurationIsVisible</key>
			<string>0</string>
			<key>defaultConfigurationName</key>
			<string>Release</string>
			<key>isa</key>
			<string>XCConfigurationList</string>
		</dict>
		<key>B00000000000000000000001</key>
		<dict>
			<key>containerPortal</key>
			<string>600000000000000000000001</string>
			<key>isa</key>
			<string>PBXContainerItemProxy</string>
			<key>proxyType</key>
			<string>1</string>
			<key>remoteGlobalIDString</key>
			<string>500000000000000000000001</string>
			<key>remoteInfo</key>
			<string>Lumen</string>
		</dict>
		<key>B00000000000000000000002</key>
		<dict>
			<key>isa</key>
			<string>PBXTargetDependency</string>
			<key>target</key>
			<string>500000000000000000000001</string>
			<key>targetProxy</key>
			<string>B00000000000000000000001</string>
		</dict>
		<key>b00000000000000000000003</key>
		<dict>
			<key>isa</key>
			<string>PBXFileReference</string>
			<key>lastKnownFileType</key>
			<string>sourcecode.swift</string>
			<key>path</key>
			<string>LaunchAtLoginManager.swift</string>
			<key>sourceTree</key>
			<string>&lt;group&gt;</string>
		</dict>
		<key>b00000000000000000000004</key>
		<dict>
			<key>isa</key>
			<string>PBXFileReference</string>
			<key>lastKnownFileType</key>
			<string>sourcecode.swift</string>
			<key>path</key>
			<string>LaunchAtLoginManagerTests.swift</string>
			<key>sourceTree</key>
			<string>&lt;group&gt;</string>
		</dict>
		<key>b00000000000000000000005</key>
		<dict>
			<key>fileRef</key>
			<string>b00000000000000000000003</string>
			<key>isa</key>
			<string>PBXBuildFile</string>
		</dict>
		<key>b00000000000000000000006</key>
		<dict>
			<key>fileRef</key>
			<string>b00000000000000000000004</string>
			<key>isa</key>
			<string>PBXBuildFile</string>
		</dict>
		<key>b00000000000000000000007</key>
		<dict>
			<key>children</key>
			<array>
				<string>b00000000000000000000004</string>
				<string>220000000000000000000005</string>
			</array>
			<key>isa</key>
			<string>PBXGroup</string>
			<key>name</key>
			<string>AppTests</string>
			<key>path</key>
			<string>AppTests</string>
			<key>sourceTree</key>
			<string>&lt;group&gt;</string>
		</dict>
	</dict>
	<key>rootObject</key>
	<string>600000000000000000000001</string>
</dict>
</plist>
